// !$*UTF8*$!
{
	archiveVersion = 1;
	classes = {
	};
	objectVersion = 50;
	objects = {

/* Begin PBXBuildFile section */
		AC4629192516A11700BED8F0 /* AppDelegate.swift in Sources */ = {isa = PBXBuildFile; fileRef = AC4629182516A11700BED8F0 /* AppDelegate.swift */; };
		AC46291B2516A11700BED8F0 /* SceneDelegate.swift in Sources */ = {isa = PBXBuildFile; fileRef = AC46291A2516A11700BED8F0 /* SceneDelegate.swift */; };
		AC46291D2516A11700BED8F0 /* ContentView.swift in Sources */ = {isa = PBXBuildFile; fileRef = AC46291C2516A11700BED8F0 /* ContentView.swift */; };
		AC46291F2516A11800BED8F0 /* Assets.xcassets in Resources */ = {isa = PBXBuildFile; fileRef = AC46291E2516A11800BED8F0 /* Assets.xcassets */; };
		AC4629222516A11800BED8F0 /* Preview Assets.xcassets in Resources */ = {isa = PBXBuildFile; fileRef = AC4629212516A11800BED8F0 /* Preview Assets.xcassets */; };
		AC4629252516A11800BED8F0 /* LaunchScreen.storyboard in Resources */ = {isa = PBXBuildFile; fileRef = AC4629232516A11800BED8F0 /* LaunchScreen.storyboard */; };
		AC4629342516A31600BED8F0 /* ExploreView.swift in Sources */ = {isa = PBXBuildFile; fileRef = AC4629332516A31600BED8F0 /* ExploreView.swift */; };
		AC4629362516A31D00BED8F0 /* TipsView.swift in Sources */ = {isa = PBXBuildFile; fileRef = AC4629352516A31D00BED8F0 /* TipsView.swift */; };
		AC4629382516A32D00BED8F0 /* SavedView.swift in Sources */ = {isa = PBXBuildFile; fileRef = AC4629372516A32D00BED8F0 /* SavedView.swift */; };
		AC46293A2516A33500BED8F0 /* InboxView.swift in Sources */ = {isa = PBXBuildFile; fileRef = AC4629392516A33500BED8F0 /* InboxView.swift */; };
		AC46293C2516A33C00BED8F0 /* ProfileView.swift in Sources */ = {isa = PBXBuildFile; fileRef = AC46293B2516A33C00BED8F0 /* ProfileView.swift */; };
		AC46293F2516A49A00BED8F0 /* ExploreHero.swift in Sources */ = {isa = PBXBuildFile; fileRef = AC46293E2516A49A00BED8F0 /* ExploreHero.swift */; };
		AC4629412516A7FD00BED8F0 /* ExploreSearchbar.swift in Sources */ = {isa = PBXBuildFile; fileRef = AC4629402516A7FD00BED8F0 /* ExploreSearchbar.swift */; };
		AC7D5F0E2517C47E00141F87 /* Locations.swift in Sources */ = {isa = PBXBuildFile; fileRef = AC7D5F0D2517C47E00141F87 /* Locations.swift */; };
		AC7D5F102517C58E00141F87 /* PlaceReview.swift in Sources */ = {isa = PBXBuildFile; fileRef = AC7D5F0F2517C58E00141F87 /* PlaceReview.swift */; };
		AC7D5F122517C62900141F87 /* LocationViewModel.swift in Sources */ = {isa = PBXBuildFile; fileRef = AC7D5F112517C62900141F87 /* LocationViewModel.swift */; };
		AC7D5F152517CAFE00141F87 /* SavedCardView.swift in Sources */ = {isa = PBXBuildFile; fileRef = AC7D5F142517CAFE00141F87 /* SavedCardView.swift */; };
		AC80DEF02516ABCA006DE0AC /* ExploreSmalHorzListView.swift in Sources */ = {isa = PBXBuildFile; fileRef = AC80DEEF2516ABCA006DE0AC /* ExploreSmalHorzListView.swift */; };
		AC80DEF22516ACE7006DE0AC /* City.swift in Sources */ = {isa = PBXBuildFile; fileRef = AC80DEF12516ACE7006DE0AC /* City.swift */; };
		ACC8540F2516F1B300F4A0E2 /* LargeCardScrollView.swift in Sources */ = {isa = PBXBuildFile; fileRef = ACC8540E2516F1B300F4A0E2 /* LargeCardScrollView.swift */; };
		ACC854112516F1BE00F4A0E2 /* LargeCardView.swift in Sources */ = {isa = PBXBuildFile; fileRef = ACC854102516F1BE00F4A0E2 /* LargeCardView.swift */; };
		ACC854132516F58100F4A0E2 /* LargeCard.swift in Sources */ = {isa = PBXBuildFile; fileRef = ACC854122516F58100F4A0E2 /* LargeCard.swift */; };
		ACC854152516F5F100F4A0E2 /* LargeCardViewModel.swift in Sources */ = {isa = PBXBuildFile; fileRef = ACC854142516F5F100F4A0E2 /* LargeCardViewModel.swift */; };
/* End PBXBuildFile section */

/* Begin PBXFileReference section */
		AC4629152516A11700BED8F0 /* AirBnbPractice.app */ = {isa = PBXFileReference; explicitFileType = wrapper.application; includeInIndex = 0; path = AirBnbPractice.app; sourceTree = BUILT_PRODUCTS_DIR; };
		AC4629182516A11700BED8F0 /* AppDelegate.swift */ = {isa = PBXFileReference; lastKnownFileType = sourcecode.swift; path = AppDelegate.swift; sourceTree = "<group>"; };
		AC46291A2516A11700BED8F0 /* SceneDelegate.swift */ = {isa = PBXFileReference; lastKnownFileType = sourcecode.swift; path = SceneDelegate.swift; sourceTree = "<group>"; };
		AC46291C2516A11700BED8F0 /* ContentView.swift */ = {isa = PBXFileReference; lastKnownFileType = sourcecode.swift; path = ContentView.swift; sourceTree = "<group>"; };
		AC46291E2516A11800BED8F0 /* Assets.xcassets */ = {isa = PBXFileReference; lastKnownFileType = folder.assetcatalog; path = Assets.xcassets; sourceTree = "<group>"; };
		AC4629212516A11800BED8F0 /* Preview Assets.xcassets */ = {isa = PBXFileReference; lastKnownFileType = folder.assetcatalog; path = "Preview Assets.xcassets"; sourceTree = "<group>"; };
		AC4629242516A11800BED8F0 /* Base */ = {isa = PBXFileReference; lastKnownFileType = file.storyboard; name = Base; path = Base.lproj/LaunchScreen.storyboard; sourceTree = "<group>"; };
		AC4629262516A11800BED8F0 /* Info.plist */ = {isa = PBXFileReference; lastKnownFileType = text.plist.xml; path = Info.plist; sourceTree = "<group>"; };
		AC4629332516A31600BED8F0 /* ExploreView.swift */ = {isa = PBXFileReference; lastKnownFileType = sourcecode.swift; path = ExploreView.swift; sourceTree = "<group>"; };
		AC4629352516A31D00BED8F0 /* TipsView.swift */ = {isa = PBXFileReference; lastKnownFileType = sourcecode.swift; path = TipsView.swift; sourceTree = "<group>"; };
		AC4629372516A32D00BED8F0 /* SavedView.swift */ = {isa = PBXFileReference; lastKnownFileType = sourcecode.swift; path = SavedView.swift; sourceTree = "<group>"; };
		AC4629392516A33500BED8F0 /* InboxView.swift */ = {isa = PBXFileReference; lastKnownFileType = sourcecode.swift; path = InboxView.swift; sourceTree = "<group>"; };
		AC46293B2516A33C00BED8F0 /* ProfileView.swift */ = {isa = PBXFileReference; lastKnownFileType = sourcecode.swift; path = ProfileView.swift; sourceTree = "<group>"; };
		AC46293E2516A49A00BED8F0 /* ExploreHero.swift */ = {isa = PBXFileReference; lastKnownFileType = sourcecode.swift; path = ExploreHero.swift; sourceTree = "<group>"; };
		AC4629402516A7FD00BED8F0 /* ExploreSearchbar.swift */ = {isa = PBXFileReference; lastKnownFileType = sourcecode.swift; path = ExploreSearchbar.swift; sourceTree = "<group>"; };
		AC7D5F0D2517C47E00141F87 /* Locations.swift */ = {isa = PBXFileReference; lastKnownFileType = sourcecode.swift; path = Locations.swift; sourceTree = "<group>"; };
		AC7D5F0F2517C58E00141F87 /* PlaceReview.swift */ = {isa = PBXFileReference; lastKnownFileType = sourcecode.swift; path = PlaceReview.swift; sourceTree = "<group>"; };
		AC7D5F112517C62900141F87 /* LocationViewModel.swift */ = {isa = PBXFileReference; lastKnownFileType = sourcecode.swift; path = LocationViewModel.swift; sourceTree = "<group>"; };
		AC7D5F142517CAFE00141F87 /* SavedCardView.swift */ = {isa = PBXFileReference; lastKnownFileType = sourcecode.swift; path = SavedCardView.swift; sourceTree = "<group>"; };
		AC80DEEF2516ABCA006DE0AC /* ExploreSmalHorzListView.swift */ = {isa = PBXFileReference; lastKnownFileType = sourcecode.swift; path = ExploreSmalHorzListView.swift; sourceTree = "<group>"; };
		AC80DEF12516ACE7006DE0AC /* City.swift */ = {isa = PBXFileReference; lastKnownFileType = sourcecode.swift; path = City.swift; sourceTree = "<group>"; };
		ACC8540E2516F1B300F4A0E2 /* LargeCardScrollView.swift */ = {isa = PBXFileReference; lastKnownFileType = sourcecode.swift; path = LargeCardScrollView.swift; sourceTree = "<group>"; };
		ACC854102516F1BE00F4A0E2 /* LargeCardView.swift */ = {isa = PBXFileReference; lastKnownFileType = sourcecode.swift; path = LargeCardView.swift; sourceTree = "<group>"; };
		ACC854122516F58100F4A0E2 /* LargeCard.swift */ = {isa = PBXFileReference; lastKnownFileType = sourcecode.swift; path = LargeCard.swift; sourceTree = "<group>"; };
		ACC854142516F5F100F4A0E2 /* LargeCardViewModel.swift */ = {isa = PBXFileReference; lastKnownFileType = sourcecode.swift; path = LargeCardViewModel.swift; sourceTree = "<group>"; };
/* End PBXFileReference section */

/* Begin PBXFrameworksBuildPhase section */
		AC4629122516A11700BED8F0 /* Frameworks */ = {
			isa = PBXFrameworksBuildPhase;
			buildActionMask = 2147483647;
			files = (
			);
			runOnlyForDeploymentPostprocessing = 0;
		};
/* End PBXFrameworksBuildPhase section */

/* Begin PBXGroup section */
		AC46290C2516A11700BED8F0 = {
			isa = PBXGroup;
			children = (
				AC4629172516A11700BED8F0 /* AirBnbPractice */,
				AC4629162516A11700BED8F0 /* Products */,
			);
			sourceTree = "<group>";
		};
		AC4629162516A11700BED8F0 /* Products */ = {
			isa = PBXGroup;
			children = (
				AC4629152516A11700BED8F0 /* AirBnbPractice.app */,
			);
			name = Products;
			sourceTree = "<group>";
		};
		AC4629172516A11700BED8F0 /* AirBnbPractice */ = {
			isa = PBXGroup;
			children = (
				AC46292C2516A12F00BED8F0 /* Models */,
				AC46292E2516A13800BED8F0 /* ViewModels */,
				AC46292D2516A13400BED8F0 /* Views */,
				AC4629182516A11700BED8F0 /* AppDelegate.swift */,
				AC46291A2516A11700BED8F0 /* SceneDelegate.swift */,
				AC46291E2516A11800BED8F0 /* Assets.xcassets */,
				AC4629232516A11800BED8F0 /* LaunchScreen.storyboard */,
				AC4629262516A11800BED8F0 /* Info.plist */,
				AC4629202516A11800BED8F0 /* Preview Content */,
			);
			path = AirBnbPractice;
			sourceTree = "<group>";
		};
		AC4629202516A11800BED8F0 /* Preview Content */ = {
			isa = PBXGroup;
			children = (
				AC4629212516A11800BED8F0 /* Preview Assets.xcassets */,
			);
			path = "Preview Content";
			sourceTree = "<group>";
		};
		AC46292C2516A12F00BED8F0 /* Models */ = {
			isa = PBXGroup;
			children = (
				AC80DEF12516ACE7006DE0AC /* City.swift */,
				ACC854122516F58100F4A0E2 /* LargeCard.swift */,
				AC7D5F0D2517C47E00141F87 /* Locations.swift */,
				AC7D5F0F2517C58E00141F87 /* PlaceReview.swift */,
			);
			path = Models;
			sourceTree = "<group>";
		};
		AC46292D2516A13400BED8F0 /* Views */ = {
			isa = PBXGroup;
			children = (
				AC46291C2516A11700BED8F0 /* ContentView.swift */,
				AC46293D2516A46900BED8F0 /* ExploreViews */,
				AC4629352516A31D00BED8F0 /* TipsView.swift */,
				AC7D5F132517CAA800141F87 /* SavedViews */,
				AC4629392516A33500BED8F0 /* InboxView.swift */,
				AC46293B2516A33C00BED8F0 /* ProfileView.swift */,
			);
			path = Views;
			sourceTree = "<group>";
		};
		AC46292E2516A13800BED8F0 /* ViewModels */ = {
			isa = PBXGroup;
			children = (
				ACC854142516F5F100F4A0E2 /* LargeCardViewModel.swift */,
				AC7D5F112517C62900141F87 /* LocationViewModel.swift */,
			);
			path = ViewModels;
			sourceTree = "<group>";
		};
		AC46293D2516A46900BED8F0 /* ExploreViews */ = {
			isa = PBXGroup;
			children = (
				AC4629332516A31600BED8F0 /* ExploreView.swift */,
				AC46293E2516A49A00BED8F0 /* ExploreHero.swift */,
				AC4629402516A7FD00BED8F0 /* ExploreSearchbar.swift */,
				AC80DEEF2516ABCA006DE0AC /* ExploreSmalHorzListView.swift */,
				ACC8540E2516F1B300F4A0E2 /* LargeCardScrollView.swift */,
				ACC854102516F1BE00F4A0E2 /* LargeCardView.swift */,
			);
			path = ExploreViews;
			sourceTree = "<group>";
		};
		AC7D5F132517CAA800141F87 /* SavedViews */ = {
			isa = PBXGroup;
			children = (
				AC4629372516A32D00BED8F0 /* SavedView.swift */,
				AC7D5F142517CAFE00141F87 /* SavedCardView.swift */,
			);
			path = SavedViews;
			sourceTree = "<group>";
		};
/* End PBXGroup section */

/* Begin PBXNativeTarget section */
		AC4629142516A11700BED8F0 /* AirBnbPractice */ = {
			isa = PBXNativeTarget;
			buildConfigurationList = AC4629292516A11800BED8F0 /* Build configuration list for PBXNativeTarget "AirBnbPractice" */;
			buildPhases = (
				AC4629112516A11700BED8F0 /* Sources */,
				AC4629122516A11700BED8F0 /* Frameworks */,
				AC4629132516A11700BED8F0 /* Resources */,
			);
			buildRules = (
			);
			dependencies = (
			);
			name = AirBnbPractice;
			productName = AirBnbPractice;
			productReference = AC4629152516A11700BED8F0 /* AirBnbPractice.app */;
			productType = "com.apple.product-type.application";
		};
/* End PBXNativeTarget section */

/* Begin PBXProject section */
		AC46290D2516A11700BED8F0 /* Project object */ = {
			isa = PBXProject;
			attributes = {
				LastSwiftUpdateCheck = 1170;
				LastUpgradeCheck = 1170;
				ORGANIZATIONNAME = "Kelly Douglass";
				TargetAttributes = {
					AC4629142516A11700BED8F0 = {
						CreatedOnToolsVersion = 11.7;
					};
				};
			};
			buildConfigurationList = AC4629102516A11700BED8F0 /* Build configuration list for PBXProject "AirBnbPractice" */;
			compatibilityVersion = "Xcode 9.3";
			developmentRegion = en;
			hasScannedForEncodings = 0;
			knownRegions = (
				en,
				Base,
			);
			mainGroup = AC46290C2516A11700BED8F0;
			productRefGroup = AC4629162516A11700BED8F0 /* Products */;
			projectDirPath = "";
			projectRoot = "";
			targets = (
				AC4629142516A11700BED8F0 /* AirBnbPractice */,
			);
		};
/* End PBXProject section */

/* Begin PBXResourcesBuildPhase section */
		AC4629132516A11700BED8F0 /* Resources */ = {
			isa = PBXResourcesBuildPhase;
			buildActionMask = 2147483647;
			files = (
				AC4629252516A11800BED8F0 /* LaunchScreen.storyboard in Resources */,
				AC4629222516A11800BED8F0 /* Preview Assets.xcassets in Resources */,
				AC46291F2516A11800BED8F0 /* Assets.xcassets in Resources */,
			);
			runOnlyForDeploymentPostprocessing = 0;
		};
/* End PBXResourcesBuildPhase section */

/* Begin PBXSourcesBuildPhase section */
		AC4629112516A11700BED8F0 /* Sources */ = {
			isa = PBXSourcesBuildPhase;
			buildActionMask = 2147483647;
			files = (
				AC80DEF02516ABCA006DE0AC /* ExploreSmalHorzListView.swift in Sources */,
				AC7D5F0E2517C47E00141F87 /* Locations.swift in Sources */,
				AC46293C2516A33C00BED8F0 /* ProfileView.swift in Sources */,
				AC7D5F122517C62900141F87 /* LocationViewModel.swift in Sources */,
				AC7D5F102517C58E00141F87 /* PlaceReview.swift in Sources */,
				AC80DEF22516ACE7006DE0AC /* City.swift in Sources */,
				ACC854132516F58100F4A0E2 /* LargeCard.swift in Sources */,
				ACC854152516F5F100F4A0E2 /* LargeCardViewModel.swift in Sources */,
				AC46293F2516A49A00BED8F0 /* ExploreHero.swift in Sources */,
				ACC8540F2516F1B300F4A0E2 /* LargeCardScrollView.swift in Sources */,
				AC4629362516A31D00BED8F0 /* TipsView.swift in Sources */,
				AC4629412516A7FD00BED8F0 /* ExploreSearchbar.swift in Sources */,
				AC4629192516A11700BED8F0 /* AppDelegate.swift in Sources */,
				AC4629382516A32D00BED8F0 /* SavedView.swift in Sources */,
				AC46293A2516A33500BED8F0 /* InboxView.swift in Sources */,
				ACC854112516F1BE00F4A0E2 /* LargeCardView.swift in Sources */,
				AC46291B2516A11700BED8F0 /* SceneDelegate.swift in Sources */,
				AC4629342516A31600BED8F0 /* ExploreView.swift in Sources */,
				AC7D5F152517CAFE00141F87 /* SavedCardView.swift in Sources */,
				AC46291D2516A11700BED8F0 /* ContentView.swift in Sources */,
			);
			runOnlyForDeploymentPostprocessing = 0;
		};
/* End PBXSourcesBuildPhase section */

/* Begin PBXVariantGroup section */
		AC4629232516A11800BED8F0 /* LaunchScreen.storyboard */ = {
			isa = PBXVariantGroup;
			children = (
				AC4629242516A11800BED8F0 /* Base */,
			);
			name = LaunchScreen.storyboard;
			sourceTree = "<group>";
		};
/* End PBXVariantGroup section */

/* Begin XCBuildConfiguration section */
		AC4629272516A11800BED8F0 /* Debug */ = {
			isa = XCBuildConfiguration;
			buildSettings = {
				ALWAYS_SEARCH_USER_PATHS = NO;
				CLANG_ANALYZER_NONNULL = YES;
				CLANG_ANALYZER_NUMBER_OBJECT_CONVERSION = YES_AGGRESSIVE;
				CLANG_CXX_LANGUAGE_STANDARD = "gnu++14";
				CLANG_CXX_LIBRARY = "libc++";
				CLANG_ENABLE_MODULES = YES;
				CLANG_ENABLE_OBJC_ARC = YES;
				CLANG_ENABLE_OBJC_WEAK = YES;
				CLANG_WARN_BLOCK_CAPTURE_AUTORELEASING = YES;
				CLANG_WARN_BOOL_CONVERSION = YES;
				CLANG_WARN_COMMA = YES;
				CLANG_WARN_CONSTANT_CONVERSION = YES;
				CLANG_WARN_DEPRECATED_OBJC_IMPLEMENTATIONS = YES;
				CLANG_WARN_DIRECT_OBJC_ISA_USAGE = YES_ERROR;
				CLANG_WARN_DOCUMENTATION_COMMENTS = YES;
				CLANG_WARN_EMPTY_BODY = YES;
				CLANG_WARN_ENUM_CONVERSION = YES;
				CLANG_WARN_INFINITE_RECURSION = YES;
				CLANG_WARN_INT_CONVERSION = YES;
				CLANG_WARN_NON_LITERAL_NULL_CONVERSION = YES;
				CLANG_WARN_OBJC_IMPLICIT_RETAIN_SELF = YES;
				CLANG_WARN_OBJC_LITERAL_CONVERSION = YES;
				CLANG_WARN_OBJC_ROOT_CLASS = YES_ERROR;
				CLANG_WARN_RANGE_LOOP_ANALYSIS = YES;
				CLANG_WARN_STRICT_PROTOTYPES = YES;
				CLANG_WARN_SUSPICIOUS_MOVE = YES;
				CLANG_WARN_UNGUARDED_AVAILABILITY = YES_AGGRESSIVE;
				CLANG_WARN_UNREACHABLE_CODE = YES;
				CLANG_WARN__DUPLICATE_METHOD_MATCH = YES;
				COPY_PHASE_STRIP = NO;
				DEBUG_INFORMATION_FORMAT = dwarf;
				ENABLE_STRICT_OBJC_MSGSEND = YES;
				ENABLE_TESTABILITY = YES;
				GCC_C_LANGUAGE_STANDARD = gnu11;
				GCC_DYNAMIC_NO_PIC = NO;
				GCC_NO_COMMON_BLOCKS = YES;
				GCC_OPTIMIZATION_LEVEL = 0;
				GCC_PREPROCESSOR_DEFINITIONS = (
					"DEBUG=1",
					"$(inherited)",
				);
				GCC_WARN_64_TO_32_BIT_CONVERSION = YES;
				GCC_WARN_ABOUT_RETURN_TYPE = YES_ERROR;
				GCC_WARN_UNDECLARED_SELECTOR = YES;
				GCC_WARN_UNINITIALIZED_AUTOS = YES_AGGRESSIVE;
				GCC_WARN_UNUSED_FUNCTION = YES;
				GCC_WARN_UNUSED_VARIABLE = YES;
				IPHONEOS_DEPLOYMENT_TARGET = 13.7;
				MTL_ENABLE_DEBUG_INFO = INCLUDE_SOURCE;
				MTL_FAST_MATH = YES;
				ONLY_ACTIVE_ARCH = YES;
				SDKROOT = iphoneos;
				SWIFT_ACTIVE_COMPILATION_CONDITIONS = DEBUG;
				SWIFT_OPTIMIZATION_LEVEL = "-Onone";
			};
			name = Debug;
		};
		AC4629282516A11800BED8F0 /* Release */ = {
			isa = XCBuildConfiguration;
			buildSettings = {
				ALWAYS_SEARCH_USER_PATHS = NO;
				CLANG_ANALYZER_NONNULL = YES;
				CLANG_ANALYZER_NUMBER_OBJECT_CONVERSION = YES_AGGRESSIVE;
				CLANG_CXX_LANGUAGE_STANDARD = "gnu++14";
				CLANG_CXX_LIBRARY = "libc++";
				CLANG_ENABLE_MODULES = YES;
				CLANG_ENABLE_OBJC_ARC = YES;
				CLANG_ENABLE_OBJC_WEAK = YES;
				CLANG_WARN_BLOCK_CAPTURE_AUTORELEASING = YES;
				CLANG_WARN_BOOL_CONVERSION = YES;
				CLANG_WARN_COMMA = YES;
				CLANG_WARN_CONSTANT_CONVERSION = YES;
				CLANG_WARN_DEPRECATED_OBJC_IMPLEMENTATIONS = YES;
				CLANG_WARN_DIRECT_OBJC_ISA_USAGE = YES_ERROR;
				CLANG_WARN_DOCUMENTATION_COMMENTS = YES;
				CLANG_WARN_EMPTY_BODY = YES;
				CLANG_WARN_ENUM_CONVERSION = YES;
				CLANG_WARN_INFINITE_RECURSION = YES;
				CLANG_WARN_INT_CONVERSION = YES;
				CLANG_WARN_NON_LITERAL_NULL_CONVERSION = YES;
				CLANG_WARN_OBJC_IMPLICIT_RETAIN_SELF = YES;
				CLANG_WARN_OBJC_LITERAL_CONVERSION = YES;
				CLANG_WARN_OBJC_ROOT_CLASS = YES_ERROR;
				CLANG_WARN_RANGE_LOOP_ANALYSIS = YES;
				CLANG_WARN_STRICT_PROTOTYPES = YES;
				CLANG_WARN_SUSPICIOUS_MOVE = YES;
				CLANG_WARN_UNGUARDED_AVAILABILITY = YES_AGGRESSIVE;
				CLANG_WARN_UNREACHABLE_CODE = YES;
				CLANG_WARN__DUPLICATE_METHOD_MATCH = YES;
				COPY_PHASE_STRIP = NO;
				DEBUG_INFORMATION_FORMAT = "dwarf-with-dsym";
				ENABLE_NS_ASSERTIONS = NO;
				ENABLE_STRICT_OBJC_MSGSEND = YES;
				GCC_C_LANGUAGE_STANDARD = gnu11;
				GCC_NO_COMMON_BLOCKS = YES;
				GCC_WARN_64_TO_32_BIT_CONVERSION = YES;
				GCC_WARN_ABOUT_RETURN_TYPE = YES_ERROR;
				GCC_WARN_UNDECLARED_SELECTOR = YES;
				GCC_WARN_UNINITIALIZED_AUTOS = YES_AGGRESSIVE;
				GCC_WARN_UNUSED_FUNCTION = YES;
				GCC_WARN_UNUSED_VARIABLE = YES;
				IPHONEOS_DEPLOYMENT_TARGET = 13.7;
				MTL_ENABLE_DEBUG_INFO = NO;
				MTL_FAST_MATH = YES;
				SDKROOT = iphoneos;
				SWIFT_COMPILATION_MODE = wholemodule;
				SWIFT_OPTIMIZATION_LEVEL = "-O";
				VALIDATE_PRODUCT = YES;
			};
			name = Release;
		};
		AC46292A2516A11800BED8F0 /* Debug */ = {
			isa = XCBuildConfiguration;
			buildSettings = {
				ASSETCATALOG_COMPILER_APPICON_NAME = AppIcon;
				CODE_SIGN_STYLE = Automatic;
				DEVELOPMENT_ASSET_PATHS = "\"AirBnbPractice/Preview Content\"";
				ENABLE_PREVIEWS = YES;
				INFOPLIST_FILE = AirBnbPractice/Info.plist;
				LD_RUNPATH_SEARCH_PATHS = (
					"$(inherited)",
					"@executable_path/Frameworks",
				);
				PRODUCT_BUNDLE_IDENTIFIER = com.kellydouglass.AirBnbPractice;
				PRODUCT_NAME = "$(TARGET_NAME)";
				SWIFT_VERSION = 5.0;
				TARGETED_DEVICE_FAMILY = "1,2";
			};
			name = Debug;
		};
		AC46292B2516A11800BED8F0 /* Release */ = {
			isa = XCBuildConfiguration;
			buildSettings = {
				ASSETCATALOG_COMPILER_APPICON_NAME = AppIcon;
				CODE_SIGN_STYLE = Automatic;
				DEVELOPMENT_ASSET_PATHS = "\"AirBnbPractice/Preview Content\"";
				ENABLE_PREVIEWS = YES;
				INFOPLIST_FILE = AirBnbPractice/Info.plist;
				LD_RUNPATH_SEARCH_PATHS = (
					"$(inherited)",
					"@executable_path/Frameworks",
				);
				PRODUCT_BUNDLE_IDENTIFIER = com.kellydouglass.AirBnbPractice;
				PRODUCT_NAME = "$(TARGET_NAME)";
				SWIFT_VERSION = 5.0;
				TARGETED_DEVICE_FAMILY = "1,2";
			};
			name = Release;
		};
/* End XCBuildConfiguration section */

/* Begin XCConfigurationList section */
		AC4629102516A11700BED8F0 /* Build configuration list for PBXProject "AirBnbPractice" */ = {
			isa = XCConfigurationList;
			buildConfigurations = (
				AC4629272516A11800BED8F0 /* Debug */,
				AC4629282516A11800BED8F0 /* Release */,
			);
			defaultConfigurationIsVisible = 0;
			defaultConfigurationName = Release;
		};
		AC4629292516A11800BED8F0 /* Build configuration list for PBXNativeTarget "AirBnbPractice" */ = {
			isa = XCConfigurationList;
			buildConfigurations = (
				AC46292A2516A11800BED8F0 /* Debug */,
				AC46292B2516A11800BED8F0 /* Release */,
			);
			defaultConfigurationIsVisible = 0;
			defaultConfigurationName = Release;
		};
/* End XCConfigurationList section */
	};
	rootObject = AC46290D2516A11700BED8F0 /* Project object */;
}
